Microsoft Visual Studio Solution File, Format Version 12.00
# Visual Studio 15
VisualStudioVersion = 15.0.26124.0
MinimumVisualStudioVersion = 15.0.26124.0
Project("{9A19103F-16F7-4668-BE54-9A1E7A4F7556}") = "QAManagement", "QAManagement.csproj", "{24305845-CFE0-413A-B13B-5C0A21B6B988}"
EndProject
Project("{9A19103F-16F7-4668-BE54-9A1E7A4F7556}") = "QAData", "QAData\QAData.csproj", "{350DAB08-2D5C-4F07-85FE-B58BD00EB197}"
EndProject
Global
	GlobalSection(SolutionConfigurationPlatforms) = preSolution
		Debug|Any CPU = Debug|Any CPU
		Debug|x64 = Debug|x64
		Debug|x86 = Debug|x86
		Release|Any CPU = Release|Any CPU
		Release|x64 = Release|x64
		Release|x86 = Release|x86
	EndGlobalSection
	GlobalSection(ProjectConfigurationPlatforms) = postSolution
		{24305845-CFE0-413A-B13B-5C0A21B6B988}.Debug|Any CPU.ActiveCfg = Debug|Any CPU
		{24305845-CFE0-413A-B13B-5C0A21B6B988}.Debug|Any CPU.Build.0 = Debug|Any CPU
		{24305845-CFE0-413A-B13B-5C0A21B6B988}.Debug|x64.ActiveCfg = Debug|Any CPU
		{24305845-CFE0-413A-B13B-5C0A21B6B988}.Debug|x64.Build.0 = Debug|Any CPU
		{24305845-CFE0-413A-B13B-5C0A21B6B988}.Debug|x86.ActiveCfg = Debug|Any CPU
		{24305845-CFE0-413A-B13B-5C0A21B6B988}.Debug|x86.Build.0 = Debug|Any CPU
		{24305845-CFE0-413A-B13B-5C0A21B6B988}.Release|Any CPU.ActiveCfg = Release|Any CPU
		{24305845-CFE0-413A-B13B-5C0A21B6B988}.Release|Any CPU.Build.0 = Release|Any CPU
		{24305845-CFE0-413A-B13B-5C0A21B6B988}.Release|x64.ActiveCfg = Release|Any CPU
		{24305845-CFE0-413A-B13B-5C0A21B6B988}.Release|x64.Build.0 = Release|Any CPU
		{24305845-CFE0-413A-B13B-5C0A21B6B988}.Release|x86.ActiveCfg = Release|Any CPU
		{24305845-CFE0-413A-B13B-5C0A21B6B988}.Release|x86.Build.0 = Release|Any CPU
		{350DAB08-2D5C-4F07-85FE-B58BD00EB197}.Debug|Any CPU.ActiveCfg = Debug|Any CPU
		{350DAB08-2D5C-4F07-85FE-B58BD00EB197}.Debug|Any CPU.Build.0 = Debug|Any CPU
		{350DAB08-2D5C-4F07-85FE-B58BD00EB197}.Debug|x64.ActiveCfg = Debug|Any CPU
		{350DAB08-2D5C-4F07-85FE-B58BD00EB197}.Debug|x64.Build.0 = Debug|Any CPU
		{350DAB08-2D5C-4F07-85FE-B58BD00EB197}.Debug|x86.ActiveCfg = Debug|Any CPU
		{350DAB08-2D5C-4F07-85FE-B58BD00EB197}.Debug|x86.Build.0 = Debug|Any CPU
		{350DAB08-2D5C-4F07-85FE-B58BD00EB197}.Release|Any CPU.ActiveCfg = Release|Any CPU
		{350DAB08-2D5C-4F07-85FE-B58BD00EB197}.Release|Any CPU.Build.0 = Release|Any CPU
		{350DAB08-2D5C-4F07-85FE-B58BD00EB197}.Release|x64.ActiveCfg = Release|Any CPU
		{350DAB08-2D5C-4F07-85FE-B58BD00EB197}.Release|x64.Build.0 = Release|Any CPU
		{350DAB08-2D5C-4F07-85FE-B58BD00EB197}.Release|x86.ActiveCfg = Release|Any CPU
		{350DAB08-2D5C-4F07-85FE-B58BD00EB197}.Release|x86.Build.0 = Release|Any CPU
	EndGlobalSection
	GlobalSection(SolutionProperties) = preSolution
		HideSolutionNode = FALSE
	EndGlobalSection
	GlobalSection(ExtensibilityGlobals) = postSolution
		SolutionGuid = {8547D21F-F9A3-490F-96DD-D3C2875EAF6B}
	EndGlobalSection
EndGlobal
